
Microsoft Visual Studio Solution File, Format Version 12.00
# Visual Studio Version 17
VisualStudioVersion = 17.6.33829.357
MinimumVisualStudioVersion = 10.0.40219.1
Project("{FAE04EC0-301F-11D3-BF4B-00C04F79EFBC}") = "StackOverflow.Web", "StackOverflow.Web\StackOverflow.Web.csproj", "{9DD5E2D2-2CB9-485A-85A6-B14987162216}"
EndProject
Project("{FAE04EC0-301F-11D3-BF4B-00C04F79EFBC}") = "StackOverflow.Data", "StackOverflow.Data\StackOverflow.Data.csproj", "{D75AB7A7-BDAD-4292-807C-9BAEB173B48D}"
EndProject
Global
	GlobalSection(SolutionConfigurationPlatforms) = preSolution
		Debug|Any CPU = Debug|Any CPU
		Release|Any CPU = Release|Any CPU
	EndGlobalSection
	GlobalSection(ProjectConfigurationPlatforms) = postSolution
		{9DD5E2D2-2CB9-485A-85A6-B14987162216}.Debug|Any CPU.ActiveCfg = Debug|Any CPU
		{9DD5E2D2-2CB9-485A-85A6-B14987162216}.Debug|Any CPU.Build.0 = Debug|Any CPU
		{9DD5E2D2-2CB9-485A-85A6-B14987162216}.Release|Any CPU.ActiveCfg = Release|Any CPU
		{9DD5E2D2-2CB9-485A-85A6-B14987162216}.Release|Any CPU.Build.0 = Release|Any CPU
		{D75AB7A7-BDAD-4292-807C-9BAEB173B48D}.Debug|Any CPU.ActiveCfg = Debug|Any CPU
		{D75AB7A7-BDAD-4292-807C-9BAEB173B48D}.Debug|Any CPU.Build.0 = Debug|Any CPU
		{D75AB7A7-BDAD-4292-807C-9BAEB173B48D}.Release|Any CPU.ActiveCfg = Release|Any CPU
		{D75AB7A7-BDAD-4292-807C-9BAEB173B48D}.Release|Any CPU.Build.0 = Release|Any CPU
	EndGlobalSection
	GlobalSection(SolutionProperties) = preSolution
		HideSolutionNode = FALSE
	EndGlobalSection
	GlobalSection(ExtensibilityGlobals) = postSolution
		SolutionGuid = {618B1F66-CB78-4C21-B616-C6DE7997357B}
	EndGlobalSection
EndGlobal
